// !$*UTF8*$!
{
	archiveVersion = 1;
	classes = {
	};
	objectVersion = 46;
	objects = {

/* Begin PBXBuildFile section */
		294928721F4A347600F17FF8 /* CarpoolsCSFIcon.png in Resources */ = {isa = PBXBuildFile; fileRef = 294928701F4A347600F17FF8 /* CarpoolsCSFIcon.png */; };
		294928731F4A347600F17FF8 /* CarpoolsCSFLogo.png in Resources */ = {isa = PBXBuildFile; fileRef = 294928711F4A347600F17FF8 /* CarpoolsCSFLogo.png */; };
		CF0F1C261DDC906600718720 /* logo-tec.png in Resources */ = {isa = PBXBuildFile; fileRef = CF0F1C251DDC906600718720 /* logo-tec.png */; };
		CF8A62D51DDCBDB400288A0F /* GoogleService-Info.plist in Resources */ = {isa = PBXBuildFile; fileRef = CF8A62D41DDCBDB400288A0F /* GoogleService-Info.plist */; };
		CF8A62D71DDCCED400288A0F /* Resultado.swift in Sources */ = {isa = PBXBuildFile; fileRef = CF8A62D61DDCCED400288A0F /* Resultado.swift */; };
		CF8A62D91DDCD0DA00288A0F /* Registro.swift in Sources */ = {isa = PBXBuildFile; fileRef = CF8A62D81DDCD0DA00288A0F /* Registro.swift */; };
		CF8A62DC1DDD448900288A0F /* Estudiante.swift in Sources */ = {isa = PBXBuildFile; fileRef = CF8A62DB1DDD448900288A0F /* Estudiante.swift */; };
		CFAE752E1DD622B400120A17 /* AppDelegate.swift in Sources */ = {isa = PBXBuildFile; fileRef = CFAE752D1DD622B400120A17 /* AppDelegate.swift */; };
		CFAE75331DD622B400120A17 /* Main.storyboard in Resources */ = {isa = PBXBuildFile; fileRef = CFAE75311DD622B400120A17 /* Main.storyboard */; };
		CFAE75351DD622B400120A17 /* Assets.xcassets in Resources */ = {isa = PBXBuildFile; fileRef = CFAE75341DD622B400120A17 /* Assets.xcassets */; };
		CFAE75381DD622B400120A17 /* LaunchScreen.storyboard in Resources */ = {isa = PBXBuildFile; fileRef = CFAE75361DD622B400120A17 /* LaunchScreen.storyboard */; };
		FBF70CECEA24000895F77F90 /* Pods_Carpools.framework in Frameworks */ = {isa = PBXBuildFile; fileRef = 09667084E6730365B8724100 /* Pods_Carpools.framework */; };
/* End PBXBuildFile section */

/* Begin PBXFileReference section */
		09667084E6730365B8724100 /* Pods_Carpools.framework */ = {isa = PBXFileReference; explicitFileType = wrapper.framework; includeInIndex = 0; path = Pods_Carpools.framework; sourceTree = BUILT_PRODUCTS_DIR; };
		294928701F4A347600F17FF8 /* CarpoolsCSFIcon.png */ = {isa = PBXFileReference; lastKnownFileType = image.png; path = CarpoolsCSFIcon.png; sourceTree = "<group>"; };
		294928711F4A347600F17FF8 /* CarpoolsCSFLogo.png */ = {isa = PBXFileReference; lastKnownFileType = image.png; path = CarpoolsCSFLogo.png; sourceTree = "<group>"; };
		8D180EDBDD9676DF9A0E3B9A /* Pods-Carpools.debug.xcconfig */ = {isa = PBXFileReference; includeInIndex = 1; lastKnownFileType = text.xcconfig; name = "Pods-Carpools.debug.xcconfig"; path = "Pods/Target Support Files/Pods-Carpools/Pods-Carpools.debug.xcconfig"; sourceTree = "<group>"; };
		CF0F1C251DDC906600718720 /* logo-tec.png */ = {isa = PBXFileReference; lastKnownFileType = image.png; path = "logo-tec.png"; sourceTree = "<group>"; };
		CF8A62D41DDCBDB400288A0F /* GoogleService-Info.plist */ = {isa = PBXFileReference; fileEncoding = 4; lastKnownFileType = text.plist.xml; path = "GoogleService-Info.plist"; sourceTree = "<group>"; };
		CF8A62D61DDCCED400288A0F /* Resultado.swift */ = {isa = PBXFileReference; fileEncoding = 4; lastKnownFileType = sourcecode.swift; path = Resultado.swift; sourceTree = "<group>"; };
		CF8A62D81DDCD0DA00288A0F /* Registro.swift */ = {isa = PBXFileReference; fileEncoding = 4; lastKnownFileType = sourcecode.swift; path = Registro.swift; sourceTree = "<group>"; };
		CF8A62DB1DDD448900288A0F /* Estudiante.swift */ = {isa = PBXFileReference; fileEncoding = 4; lastKnownFileType = sourcecode.swift; path = Estudiante.swift; sourceTree = "<group>"; };
		CFAE752A1DD622B400120A17 /* Carpools.app */ = {isa = PBXFileReference; explicitFileType = wrapper.application; includeInIndex = 0; path = Carpools.app; sourceTree = BUILT_PRODUCTS_DIR; };
		CFAE752D1DD622B400120A17 /* AppDelegate.swift */ = {isa = PBXFileReference; lastKnownFileType = sourcecode.swift; path = AppDelegate.swift; sourceTree = "<group>"; };
		CFAE75321DD622B400120A17 /* Base */ = {isa = PBXFileReference; lastKnownFileType = file.storyboard; name = Base; path = Base.lproj/Main.storyboard; sourceTree = "<group>"; };
		CFAE75341DD622B400120A17 /* Assets.xcassets */ = {isa = PBXFileReference; lastKnownFileType = folder.assetcatalog; name = Assets.xcassets; path = Carpools/Assets.xcassets; sourceTree = "<group>"; };
		CFAE75371DD622B400120A17 /* Base */ = {isa = PBXFileReference; lastKnownFileType = file.storyboard; name = Base; path = Base.lproj/LaunchScreen.storyboard; sourceTree = "<group>"; };
		CFAE75391DD622B400120A17 /* Info.plist */ = {isa = PBXFileReference; lastKnownFileType = text.plist.xml; name = Info.plist; path = Carpools/Info.plist; sourceTree = "<group>"; };
		FB061BE370879B860F52BC56 /* Pods-Carpools.release.xcconfig */ = {isa = PBXFileReference; includeInIndex = 1; lastKnownFileType = text.xcconfig; name = "Pods-Carpools.release.xcconfig"; path = "Pods/Target Support Files/Pods-Carpools/Pods-Carpools.release.xcconfig"; sourceTree = "<group>"; };
/* End PBXFileReference section */

/* Begin PBXFrameworksBuildPhase section */
		CFAE75271DD622B400120A17 /* Frameworks */ = {
			isa = PBXFrameworksBuildPhase;
			buildActionMask = 2147483647;
			files = (
				FBF70CECEA24000895F77F90 /* Pods_Carpools.framework in Frameworks */,
			);
			runOnlyForDeploymentPostprocessing = 0;
		};
/* End PBXFrameworksBuildPhase section */

/* Begin PBXGroup section */
		973FBA27E7177035065B896B /* Frameworks */ = {
			isa = PBXGroup;
			children = (
				09667084E6730365B8724100 /* Pods_Carpools.framework */,
			);
			name = Frameworks;
			sourceTree = "<group>";
		};
		9FB23F92C08FD8FE81A20497 /* Pods */ = {
			isa = PBXGroup;
			children = (
				8D180EDBDD9676DF9A0E3B9A /* Pods-Carpools.debug.xcconfig */,
				FB061BE370879B860F52BC56 /* Pods-Carpools.release.xcconfig */,
			);
			name = Pods;
			sourceTree = "<group>";
		};
		CF0F1C231DDC8FC000718720 /* Other */ = {
			isa = PBXGroup;
			children = (
				CF0F1C241DDC8FD700718720 /* Photos */,
				CFAE75391DD622B400120A17 /* Info.plist */,
				CF8A62D41DDCBDB400288A0F /* GoogleService-Info.plist */,
				CFAE75341DD622B400120A17 /* Assets.xcassets */,
				CFAE75361DD622B400120A17 /* LaunchScreen.storyboard */,
			);
			name = Other;
			sourceTree = "<group>";
		};
		CF0F1C241DDC8FD700718720 /* Photos */ = {
			isa = PBXGroup;
			children = (
				294928701F4A347600F17FF8 /* CarpoolsCSFIcon.png */,
				294928711F4A347600F17FF8 /* CarpoolsCSFLogo.png */,
				CF0F1C251DDC906600718720 /* logo-tec.png */,
			);
			name = Photos;
			sourceTree = "<group>";
		};
		CFAE75211DD622B400120A17 = {
			isa = PBXGroup;
			children = (
				CFAE752C1DD622B400120A17 /* Carpools */,
				CFAE752B1DD622B400120A17 /* Products */,
				CF0F1C231DDC8FC000718720 /* Other */,
				9FB23F92C08FD8FE81A20497 /* Pods */,
				973FBA27E7177035065B896B /* Frameworks */,
			);
			sourceTree = "<group>";
		};
		CFAE752B1DD622B400120A17 /* Products */ = {
			isa = PBXGroup;
			children = (
				CFAE752A1DD622B400120A17 /* Carpools.app */,
			);
			name = Products;
			sourceTree = "<group>";
		};
		CFAE752C1DD622B400120A17 /* Carpools */ = {
			isa = PBXGroup;
			children = (
				CFAE752D1DD622B400120A17 /* AppDelegate.swift */,
				CFAE75311DD622B400120A17 /* Main.storyboard */,
				CF8A62D81DDCD0DA00288A0F /* Registro.swift */,
				CF8A62DB1DDD448900288A0F /* Estudiante.swift */,
				CF8A62D61DDCCED400288A0F /* Resultado.swift */,
			);
			path = Carpools;
			sourceTree = "<group>";
		};
/* End PBXGroup section */

/* Begin PBXNativeTarget section */
		CFAE75291DD622B400120A17 /* Carpools */ = {
			isa = PBXNativeTarget;
			buildConfigurationList = CFAE753C1DD622B400120A17 /* Build configuration list for PBXNativeTarget "Carpools" */;
			buildPhases = (
				546C131947C10065D7D0D555 /* [CP] Check Pods Manifest.lock */,
				CFAE75261DD622B400120A17 /* Sources */,
				CFAE75271DD622B400120A17 /* Frameworks */,
				CFAE75281DD622B400120A17 /* Resources */,
				A8EDC4312A5B2D344542E1AE /* [CP] Embed Pods Frameworks */,
				9917B6966C4FE03F46F642B7 /* [CP] Copy Pods Resources */,
			);
			buildRules = (
			);
			dependencies = (
			);
			name = Carpools;
			productName = Carpools;
			productReference = CFAE752A1DD622B400120A17 /* Carpools.app */;
			productType = "com.apple.product-type.application";
		};
/* End PBXNativeTarget section */

/* Begin PBXProject section */
		CFAE75221DD622B400120A17 /* Project object */ = {
			isa = PBXProject;
			attributes = {
				LastSwiftUpdateCheck = 0810;
				LastUpgradeCheck = 0810;
				ORGANIZATIONNAME = Jorge;
				TargetAttributes = {
					CFAE75291DD622B400120A17 = {
						CreatedOnToolsVersion = 8.1;
						DevelopmentTeam = 3Q66ZA6SU4;
						ProvisioningStyle = Automatic;
						SystemCapabilities = {
							com.apple.Keychain = {
								enabled = 1;
							};
						};
					};
				};
			};
			buildConfigurationList = CFAE75251DD622B400120A17 /* Build configuration list for PBXProject "Carpools" */;
			compatibilityVersion = "Xcode 3.2";
			developmentRegion = English;
			hasScannedForEncodings = 0;
			knownRegions = (
				en,
				Base,
			);
			mainGroup = CFAE75211DD622B400120A17;
			productRefGroup = CFAE752B1DD622B400120A17 /* Products */;
			projectDirPath = "";
			projectRoot = "";
			targets = (
				CFAE75291DD622B400120A17 /* Carpools */,
			);
		};
/* End PBXProject section */

/* Begin PBXResourcesBuildPhase section */
		CFAE75281DD622B400120A17 /* Resources */ = {
			isa = PBXResourcesBuildPhase;
			buildActionMask = 2147483647;
			files = (
				294928721F4A347600F17FF8 /* CarpoolsCSFIcon.png in Resources */,
				294928731F4A347600F17FF8 /* CarpoolsCSFLogo.png in Resources */,
				CFAE75381DD622B400120A17 /* LaunchScreen.storyboard in Resources */,
				CF0F1C261DDC906600718720 /* logo-tec.png in Resources */,
				CF8A62D51DDCBDB400288A0F /* GoogleService-Info.plist in Resources */,
				CFAE75351DD622B400120A17 /* Assets.xcassets in Resources */,
				CFAE75331DD622B400120A17 /* Main.storyboard in Resources */,
			);
			runOnlyForDeploymentPostprocessing = 0;
		};
/* End PBXResourcesBuildPhase section */

/* Begin PBXShellScriptBuildPhase section */
		546C131947C10065D7D0D555 /* [CP] Check Pods Manifest.lock */ = {
			isa = PBXShellScriptBuildPhase;
			buildActionMask = 2147483647;
			files = (
			);
			inputPaths = (
			);
			name = "[CP] Check Pods Manifest.lock";
			outputPaths = (
			);
			runOnlyForDeploymentPostprocessing = 0;
			shellPath = /bin/sh;
			shellScript = "diff \"${PODS_ROOT}/../Podfile.lock\" \"${PODS_ROOT}/Manifest.lock\" > /dev/null\nif [[ $? != 0 ]] ; then\n    cat << EOM\nerror: The sandbox is not in sync with the Podfile.lock. Run 'pod install' or update your CocoaPods installation.\nEOM\n    exit 1\nfi\n";
			showEnvVarsInLog = 0;
		};
		9917B6966C4FE03F46F642B7 /* [CP] Copy Pods Resources */ = {
			isa = PBXShellScriptBuildPhase;
			buildActionMask = 2147483647;
			files = (
			);
			inputPaths = (
			);
			name = "[CP] Copy Pods Resources";
			outputPaths = (
			);
			runOnlyForDeploymentPostprocessing = 0;
			shellPath = /bin/sh;
			shellScript = "\"${SRCROOT}/Pods/Target Support Files/Pods-Carpools/Pods-Carpools-resources.sh\"\n";
			showEnvVarsInLog = 0;
		};
		A8EDC4312A5B2D344542E1AE /* [CP] Embed Pods Frameworks */ = {
			isa = PBXShellScriptBuildPhase;
			buildActionMask = 2147483647;
			files = (
			);
			inputPaths = (
			);
			name = "[CP] Embed Pods Frameworks";
			outputPaths = (
			);
			runOnlyForDeploymentPostprocessing = 0;
			shellPath = /bin/sh;
			shellScript = "\"${SRCROOT}/Pods/Target Support Files/Pods-Carpools/Pods-Carpools-frameworks.sh\"\n";
			showEnvVarsInLog = 0;
		};
/* End PBXShellScriptBuildPhase section */

/* Begin PBXSourcesBuildPhase section */
		CFAE75261DD622B400120A17 /* Sources */ = {
			isa = PBXSourcesBuildPhase;
			buildActionMask = 2147483647;
			files = (
				CF8A62D71DDCCED400288A0F /* Resultado.swift in Sources */,
				CF8A62DC1DDD448900288A0F /* Estudiante.swift in Sources */,
				CFAE752E1DD622B400120A17 /* AppDelegate.swift in Sources */,
				CF8A62D91DDCD0DA00288A0F /* Registro.swift in Sources */,
			);
			runOnlyForDeploymentPostprocessing = 0;
		};
/* End PBXSourcesBuildPhase section */

/* Begin PBXVariantGroup section */
		CFAE75311DD622B400120A17 /* Main.storyboard */ = {
			isa = PBXVariantGroup;
			children = (
				CFAE75321DD622B400120A17 /* Base */,
			);
			name = Main.storyboard;
			sourceTree = "<group>";
		};
		CFAE75361DD622B400120A17 /* LaunchScreen.storyboard */ = {
			isa = PBXVariantGroup;
			children = (
				CFAE75371DD622B400120A17 /* Base */,
			);
			name = LaunchScreen.storyboard;
			path = Carpools;
			sourceTree = "<group>";
		};
/* End PBXVariantGroup section */

/* Begin XCBuildConfiguration section */
		CFAE753A1DD622B400120A17 /* Debug */ = {
			isa = XCBuildConfiguration;
			buildSettings = {
				ALWAYS_SEARCH_USER_PATHS = NO;
				CLANG_ANALYZER_NONNULL = YES;
				CLANG_CXX_LANGUAGE_STANDARD = "gnu++0x";
				CLANG_CXX_LIBRARY = "libc++";
				CLANG_ENABLE_MODULES = YES;
				CLANG_ENABLE_OBJC_ARC = YES;
				CLANG_WARN_BOOL_CONVERSION = YES;
				CLANG_WARN_CONSTANT_CONVERSION = YES;
				CLANG_WARN_DIRECT_OBJC_ISA_USAGE = YES_ERROR;
				CLANG_WARN_DOCUMENTATION_COMMENTS = YES;
				CLANG_WARN_EMPTY_BODY = YES;
				CLANG_WARN_ENUM_CONVERSION = YES;
				CLANG_WARN_INFINITE_RECURSION = YES;
				CLANG_WARN_INT_CONVERSION = YES;
				CLANG_WARN_OBJC_ROOT_CLASS = YES_ERROR;
				CLANG_WARN_SUSPICIOUS_MOVE = YES;
				CLANG_WARN_SUSPICIOUS_MOVES = YES;
				CLANG_WARN_UNREACHABLE_CODE = YES;
				CLANG_WARN__DUPLICATE_METHOD_MATCH = YES;
				"CODE_SIGN_IDENTITY[sdk=iphoneos*]" = "iPhone Developer";
				COPY_PHASE_STRIP = NO;
				DEBUG_INFORMATION_FORMAT = dwarf;
				ENABLE_STRICT_OBJC_MSGSEND = YES;
				ENABLE_TESTABILITY = YES;
				GCC_C_LANGUAGE_STANDARD = gnu99;
				GCC_DYNAMIC_NO_PIC = NO;
				GCC_NO_COMMON_BLOCKS = YES;
				GCC_OPTIMIZATION_LEVEL = 0;
				GCC_PREPROCESSOR_DEFINITIONS = (
					"DEBUG=1",
					"$(inherited)",
				);
				GCC_WARN_64_TO_32_BIT_CONVERSION = YES;
				GCC_WARN_ABOUT_RETURN_TYPE = YES_ERROR;
				GCC_WARN_UNDECLARED_SELECTOR = YES;
				GCC_WARN_UNINITIALIZED_AUTOS = YES_AGGRESSIVE;
				GCC_WARN_UNUSED_FUNCTION = YES;
				GCC_WARN_UNUSED_VARIABLE = YES;
				IPHONEOS_DEPLOYMENT_TARGET = 10.1;
				MTL_ENABLE_DEBUG_INFO = YES;
				ONLY_ACTIVE_ARCH = YES;
				SDKROOT = iphoneos;
				SWIFT_ACTIVE_COMPILATION_CONDITIONS = DEBUG;
				SWIFT_OPTIMIZATION_LEVEL = "-Onone";
			};
			name = Debug;
		};
		CFAE753B1DD622B400120A17 /* Release */ = {
			isa = XCBuildConfiguration;
			buildSettings = {
				ALWAYS_SEARCH_USER_PATHS = NO;
				CLANG_ANALYZER_NONNULL = YES;
				CLANG_CXX_LANGUAGE_STANDARD = "gnu++0x";
				CLANG_CXX_LIBRARY = "libc++";
				CLANG_ENABLE_MODULES = YES;
				CLANG_ENABLE_OBJC_ARC = YES;
				CLANG_WARN_BOOL_CONVERSION = YES;
				CLANG_WARN_CONSTANT_CONVERSION = YES;
				CLANG_WARN_DIRECT_OBJC_ISA_USAGE = YES_ERROR;
				CLANG_WARN_DOCUMENTATION_COMMENTS = YES;
				CLANG_WARN_EMPTY_BODY = YES;
				CLANG_WARN_ENUM_CONVERSION = YES;
				CLANG_WARN_INFINITE_RECURSION = YES;
				CLANG_WARN_INT_CONVERSION = YES;
				CLANG_WARN_OBJC_ROOT_CLASS = YES_ERROR;
				CLANG_WARN_SUSPICIOUS_MOVE = YES;
				CLANG_WARN_SUSPICIOUS_MOVES = YES;
				CLANG_WARN_UNREACHABLE_CODE = YES;
				CLANG_WARN__DUPLICATE_METHOD_MATCH = YES;
				"CODE_SIGN_IDENTITY[sdk=iphoneos*]" = "iPhone Developer";
				COPY_PHASE_STRIP = NO;
				DEBUG_INFORMATION_FORMAT = "dwarf-with-dsym";
				ENABLE_NS_ASSERTIONS = NO;
				ENABLE_STRICT_OBJC_MSGSEND = YES;
				GCC_C_LANGUAGE_STANDARD = gnu99;
				GCC_NO_COMMON_BLOCKS = YES;
				GCC_WARN_64_TO_32_BIT_CONVERSION = YES;
				GCC_WARN_ABOUT_RETURN_TYPE = YES_ERROR;
				GCC_WARN_UNDECLARED_SELECTOR = YES;
				GCC_WARN_UNINITIALIZED_AUTOS = YES_AGGRESSIVE;
				GCC_WARN_UNUSED_FUNCTION = YES;
				GCC_WARN_UNUSED_VARIABLE = YES;
				IPHONEOS_DEPLOYMENT_TARGET = 10.1;
				MTL_ENABLE_DEBUG_INFO = NO;
				SDKROOT = iphoneos;
				SWIFT_OPTIMIZATION_LEVEL = "-Owholemodule";
				VALIDATE_PRODUCT = YES;
			};
			name = Release;
		};
		CFAE753D1DD622B400120A17 /* Debug */ = {
			isa = XCBuildConfiguration;
			baseConfigurationReference = 8D180EDBDD9676DF9A0E3B9A /* Pods-Carpools.debug.xcconfig */;
			buildSettings = {
				ASSETCATALOG_COMPILER_APPICON_NAME = AppIconAuto;
				CODE_SIGN_ENTITLEMENTS = Carpools/Carpools.entitlements;
				"CODE_SIGN_IDENTITY[sdk=iphoneos*]" = "iPhone Developer";
				DEVELOPMENT_TEAM = 3Q66ZA6SU4;
				INFOPLIST_FILE = Carpools/Info.plist;
				LD_RUNPATH_SEARCH_PATHS = "$(inherited) @executable_path/Frameworks";
				PRODUCT_BUNDLE_IDENTIFIER = com.JorgeBarrios.CarpoolsCSF;
				PRODUCT_NAME = "$(TARGET_NAME)";
				PROVISIONING_PROFILE_SPECIFIER = "";
				SWIFT_VERSION = 3.0;
			};
			name = Debug;
		};
		CFAE753E1DD622B400120A17 /* Release */ = {
			isa = XCBuildConfiguration;
			baseConfigurationReference = FB061BE370879B860F52BC56 /* Pods-Carpools.release.xcconfig */;
			buildSettings = {
				ASSETCATALOG_COMPILER_APPICON_NAME = AppIconAuto;
				CODE_SIGN_ENTITLEMENTS = Carpools/Carpools.entitlements;
				"CODE_SIGN_IDENTITY[sdk=iphoneos*]" = "iPhone Developer";
				DEVELOPMENT_TEAM = 3Q66ZA6SU4;
				INFOPLIST_FILE = Carpools/Info.plist;
				LD_RUNPATH_SEARCH_PATHS = "$(inherited) @executable_path/Frameworks";
				PRODUCT_BUNDLE_IDENTIFIER = com.JorgeBarrios.CarpoolsCSF;
				PRODUCT_NAME = "$(TARGET_NAME)";
				PROVISIONING_PROFILE_SPECIFIER = "";
				SWIFT_VERSION = 3.0;
			};
			name = Release;
		};
/* End XCBuildConfiguration section */

/* Begin XCConfigurationList section */
		CFAE75251DD622B400120A17 /* Build configuration list for PBXProject "Carpools" */ = {
			isa = XCConfigurationList;
			buildConfigurations = (
				CFAE753A1DD622B400120A17 /* Debug */,
				CFAE753B1DD622B400120A17 /* Release */,
			);
			defaultConfigurationIsVisible = 0;
			defaultConfigurationName = Release;
		};
		CFAE753C1DD622B400120A17 /* Build configuration list for PBXNativeTarget "Carpools" */ = {
			isa = XCConfigurationList;
			buildConfigurations = (
				CFAE753D1DD622B400120A17 /* Debug */,
				CFAE753E1DD622B400120A17 /* Release */,
			);
			defaultConfigurationIsVisible = 0;
			defaultConfigurationName = Release;
		};
/* End XCConfigurationList section */
	};
	rootObject = CFAE75221DD622B400120A17 /* Project object */;
}
